// !$*UTF8*$!
{
	archiveVersion = 1;
	classes = {
	};
	objectVersion = 50;
	objects = {

/* Begin PBXBuildFile section */
		98834A5323676DE700D9C84C /* AppDelegate.swift in Sources */ = {isa = PBXBuildFile; fileRef = 98834A5223676DE700D9C84C /* AppDelegate.swift */; };
		98834A5523676DE700D9C84C /* ViewController.swift in Sources */ = {isa = PBXBuildFile; fileRef = 98834A5423676DE700D9C84C /* ViewController.swift */; };
		98834A5823676DE700D9C84C /* Main.storyboard in Resources */ = {isa = PBXBuildFile; fileRef = 98834A5623676DE700D9C84C /* Main.storyboard */; };
		98834A5A23676DEB00D9C84C /* Assets.xcassets in Resources */ = {isa = PBXBuildFile; fileRef = 98834A5923676DEB00D9C84C /* Assets.xcassets */; };
		98834A5D23676DEB00D9C84C /* LaunchScreen.storyboard in Resources */ = {isa = PBXBuildFile; fileRef = 98834A5B23676DEB00D9C84C /* LaunchScreen.storyboard */; };
		98834A6823676DEC00D9C84C /* HelloWorld2Tests.swift in Sources */ = {isa = PBXBuildFile; fileRef = 98834A6723676DEC00D9C84C /* HelloWorld2Tests.swift */; };
		98834A7323676DEC00D9C84C /* HelloWorld2UITests.swift in Sources */ = {isa = PBXBuildFile; fileRef = 98834A7223676DEC00D9C84C /* HelloWorld2UITests.swift */; };
/* End PBXBuildFile section */

/* Begin PBXContainerItemProxy section */
		98834A6423676DEC00D9C84C /* PBXContainerItemProxy */ = {
			isa = PBXContainerItemProxy;
			containerPortal = 98834A4723676DE700D9C84C /* Project object */;
			proxyType = 1;
			remoteGlobalIDString = 98834A4E23676DE700D9C84C;
			remoteInfo = HelloWorld2;
		};
		98834A6F23676DEC00D9C84C /* PBXContainerItemProxy */ = {
			isa = PBXContainerItemProxy;
			containerPortal = 98834A4723676DE700D9C84C /* Project object */;
			proxyType = 1;
			remoteGlobalIDString = 98834A4E23676DE700D9C84C;
			remoteInfo = HelloWorld2;
		};
/* End PBXContainerItemProxy section */

/* Begin PBXFileReference section */
		98834A4F23676DE700D9C84C /* HelloWorld2.app */ = {isa = PBXFileReference; explicitFileType = wrapper.application; includeInIndex = 0; path = HelloWorld2.app; sourceTree = BUILT_PRODUCTS_DIR; };
		98834A5223676DE700D9C84C /* AppDelegate.swift */ = {isa = PBXFileReference; lastKnownFileType = sourcecode.swift; path = AppDelegate.swift; sourceTree = "<group>"; };
		98834A5423676DE700D9C84C /* ViewController.swift */ = {isa = PBXFileReference; lastKnownFileType = sourcecode.swift; path = ViewController.swift; sourceTree = "<group>"; };
		98834A5723676DE700D9C84C /* Base */ = {isa = PBXFileReference; lastKnownFileType = file.storyboard; name = Base; path = Base.lproj/Main.storyboard; sourceTree = "<group>"; };
		98834A5923676DEB00D9C84C /* Assets.xcassets */ = {isa = PBXFileReference; lastKnownFileType = folder.assetcatalog; path = Assets.xcassets; sourceTree = "<group>"; };
		98834A5C23676DEB00D9C84C /* Base */ = {isa = PBXFileReference; lastKnownFileType = file.storyboard; name = Base; path = Base.lproj/LaunchScreen.storyboard; sourceTree = "<group>"; };
		98834A5E23676DEB00D9C84C /* Info.plist */ = {isa = PBXFileReference; lastKnownFileType = text.plist.xml; path = Info.plist; sourceTree = "<group>"; };
		98834A6323676DEC00D9C84C /* HelloWorld2Tests.xctest */ = {isa = PBXFileReference; explicitFileType = wrapper.cfbundle; includeInIndex = 0; path = HelloWorld2Tests.xctest; sourceTree = BUILT_PRODUCTS_DIR; };
		98834A6723676DEC00D9C84C /* HelloWorld2Tests.swift */ = {isa = PBXFileReference; lastKnownFileType = sourcecode.swift; path = HelloWorld2Tests.swift; sourceTree = "<group>"; };
		98834A6923676DEC00D9C84C /* Info.plist */ = {isa = PBXFileReference; lastKnownFileType = text.plist.xml; path = Info.plist; sourceTree = "<group>"; };
		98834A6E23676DEC00D9C84C /* HelloWorld2UITests.xctest */ = {isa = PBXFileReference; explicitFileType = wrapper.cfbundle; includeInIndex = 0; path = HelloWorld2UITests.xctest; sourceTree = BUILT_PRODUCTS_DIR; };
		98834A7223676DEC00D9C84C /* HelloWorld2UITests.swift */ = {isa = PBXFileReference; lastKnownFileType = sourcecode.swift; path = HelloWorld2UITests.swift; sourceTree = "<group>"; };
		98834A7423676DEC00D9C84C /* Info.plist */ = {isa = PBXFileReference; lastKnownFileType = text.plist.xml; path = Info.plist; sourceTree = "<group>"; };
/* End PBXFileReference section */

/* Begin PBXFrameworksBuildPhase section */
		98834A4C23676DE700D9C84C /* Frameworks */ = {
			isa = PBXFrameworksBuildPhase;
			buildActionMask = 2147483647;
			files = (
			);
			runOnlyForDeploymentPostprocessing = 0;
		};
		98834A6023676DEC00D9C84C /* Frameworks */ = {
			isa = PBXFrameworksBuildPhase;
			buildActionMask = 2147483647;
			files = (
			);
			runOnlyForDeploymentPostprocessing = 0;
		};
		98834A6B23676DEC00D9C84C /* Frameworks */ = {
			isa = PBXFrameworksBuildPhase;
			buildActionMask = 2147483647;
			files = (
			);
			runOnlyForDeploymentPostprocessing = 0;
		};
/* End PBXFrameworksBuildPhase section */

/* Begin PBXGroup section */
		98834A4623676DE700D9C84C = {
			isa = PBXGroup;
			children = (
				98834A5123676DE700D9C84C /* HelloWorld2 */,
				98834A6623676DEC00D9C84C /* HelloWorld2Tests */,
				98834A7123676DEC00D9C84C /* HelloWorld2UITests */,
				98834A5023676DE700D9C84C /* Products */,
			);
			sourceTree = "<group>";
		};
		98834A5023676DE700D9C84C /* Products */ = {
			isa = PBXGroup;
			children = (
				98834A4F23676DE700D9C84C /* HelloWorld2.app */,
				98834A6323676DEC00D9C84C /* HelloWorld2Tests.xctest */,
				98834A6E23676DEC00D9C84C /* HelloWorld2UITests.xctest */,
			);
			name = Products;
			sourceTree = "<group>";
		};
		98834A5123676DE700D9C84C /* HelloWorld2 */ = {
			isa = PBXGroup;
			children = (
				98834A5223676DE700D9C84C /* AppDelegate.swift */,
				98834A5423676DE700D9C84C /* ViewController.swift */,
				98834A5623676DE700D9C84C /* Main.storyboard */,
				98834A5923676DEB00D9C84C /* Assets.xcassets */,
				98834A5B23676DEB00D9C84C /* LaunchScreen.storyboard */,
				98834A5E23676DEB00D9C84C /* Info.plist */,
			);
			path = HelloWorld2;
			sourceTree = "<group>";
		};
		98834A6623676DEC00D9C84C /* HelloWorld2Tests */ = {
			isa = PBXGroup;
			children = (
				98834A6723676DEC00D9C84C /* HelloWorld2Tests.swift */,
				98834A6923676DEC00D9C84C /* Info.plist */,
			);
			path = HelloWorld2Tests;
			sourceTree = "<group>";
		};
		98834A7123676DEC00D9C84C /* HelloWorld2UITests */ = {
			isa = PBXGroup;
			children = (
				98834A7223676DEC00D9C84C /* HelloWorld2UITests.swift */,
				98834A7423676DEC00D9C84C /* Info.plist */,
			);
			path = HelloWorld2UITests;
			sourceTree = "<group>";
		};
/* End PBXGroup section */

/* Begin PBXNativeTarget section */
		98834A4E23676DE700D9C84C /* HelloWorld2 */ = {
			isa = PBXNativeTarget;
			buildConfigurationList = 98834A7723676DEC00D9C84C /* Build configuration list for PBXNativeTarget "HelloWorld2" */;
			buildPhases = (
				98834A4B23676DE700D9C84C /* Sources */,
				98834A4C23676DE700D9C84C /* Frameworks */,
				98834A4D23676DE700D9C84C /* Resources */,
			);
			buildRules = (
			);
			dependencies = (
			);
			name = HelloWorld2;
			productName = HelloWorld2;
			productReference = 98834A4F23676DE700D9C84C /* HelloWorld2.app */;
			productType = "com.apple.product-type.application";
		};
		98834A6223676DEC00D9C84C /* HelloWorld2Tests */ = {
			isa = PBXNativeTarget;
			buildConfigurationList = 98834A7A23676DEC00D9C84C /* Build configuration list for PBXNativeTarget "HelloWorld2Tests" */;
			buildPhases = (
				98834A5F23676DEC00D9C84C /* Sources */,
				98834A6023676DEC00D9C84C /* Frameworks */,
				98834A6123676DEC00D9C84C /* Resources */,
			);
			buildRules = (
			);
			dependencies = (
				98834A6523676DEC00D9C84C /* PBXTargetDependency */,
			);
			name = HelloWorld2Tests;
			productName = HelloWorld2Tests;
			productReference = 98834A6323676DEC00D9C84C /* HelloWorld2Tests.xctest */;
			productType = "com.apple.product-type.bundle.unit-test";
		};
		98834A6D23676DEC00D9C84C /* HelloWorld2UITests */ = {
			isa = PBXNativeTarget;
			buildConfigurationList = 98834A7D23676DEC00D9C84C /* Build configuration list for PBXNativeTarget "HelloWorld2UITests" */;
			buildPhases = (
				98834A6A23676DEC00D9C84C /* Sources */,
				98834A6B23676DEC00D9C84C /* Frameworks */,
				98834A6C23676DEC00D9C84C /* Resources */,
			);
			buildRules = (
			);
			dependencies = (
				98834A7023676DEC00D9C84C /* PBXTargetDependency */,
			);
			name = HelloWorld2UITests;
			productName = HelloWorld2UITests;
			productReference = 98834A6E23676DEC00D9C84C /* HelloWorld2UITests.xctest */;
			productType = "com.apple.product-type.bundle.ui-testing";
		};
/* End PBXNativeTarget section */

/* Begin PBXProject section */
		98834A4723676DE700D9C84C /* Project object */ = {
			isa = PBXProject;
			attributes = {
				LastSwiftUpdateCheck = 1020;
				LastUpgradeCheck = 1020;
				ORGANIZATIONNAME = "Kelvin Vazquez";
				TargetAttributes = {
					98834A4E23676DE700D9C84C = {
						CreatedOnToolsVersion = 10.2.1;
					};
					98834A6223676DEC00D9C84C = {
						CreatedOnToolsVersion = 10.2.1;
						TestTargetID = 98834A4E23676DE700D9C84C;
					};
					98834A6D23676DEC00D9C84C = {
						CreatedOnToolsVersion = 10.2.1;
						TestTargetID = 98834A4E23676DE700D9C84C;
					};
				};
			};
			buildConfigurationList = 98834A4A23676DE700D9C84C /* Build configuration list for PBXProject "HelloWorld2" */;
			compatibilityVersion = "Xcode 9.3";
			developmentRegion = en;
			hasScannedForEncodings = 0;
			knownRegions = (
				en,
				Base,
			);
			mainGroup = 98834A4623676DE700D9C84C;
			productRefGroup = 98834A5023676DE700D9C84C /* Products */;
			projectDirPath = "";
			projectRoot = "";
			targets = (
				98834A4E23676DE700D9C84C /* HelloWorld2 */,
				98834A6223676DEC00D9C84C /* HelloWorld2Tests */,
				98834A6D23676DEC00D9C84C /* HelloWorld2UITests */,
			);
		};
/* End PBXProject section */

/* Begin PBXResourcesBuildPhase section */
		98834A4D23676DE700D9C84C /* Resources */ = {
			isa = PBXResourcesBuildPhase;
			buildActionMask = 2147483647;
			files = (
				98834A5D23676DEB00D9C84C /* LaunchScreen.storyboard in Resources */,
				98834A5A23676DEB00D9C84C /* Assets.xcassets in Resources */,
				98834A5823676DE700D9C84C /* Main.storyboard in Resources */,
			);
			runOnlyForDeploymentPostprocessing = 0;
		};
		98834A6123676DEC00D9C84C /* Resources */ = {
			isa = PBXResourcesBuildPhase;
			buildActionMask = 2147483647;
			files = (
			);
			runOnlyForDeploymentPostprocessing = 0;
		};
		98834A6C23676DEC00D9C84C /* Resources */ = {
			isa = PBXResourcesBuildPhase;
			buildActionMask = 2147483647;
			files = (
			);
			runOnlyForDeploymentPostprocessing = 0;
		};
/* End PBXResourcesBuildPhase section */

/* Begin PBXSourcesBuildPhase section */
		98834A4B23676DE700D9C84C /* Sources */ = {
			isa = PBXSourcesBuildPhase;
			buildActionMask = 2147483647;
			files = (
				98834A5523676DE700D9C84C /* ViewController.swift in Sources */,
				98834A5323676DE700D9C84C /* AppDelegate.swift in Sources */,
			);
			runOnlyForDeploymentPostprocessing = 0;
		};
		98834A5F23676DEC00D9C84C /* Sources */ = {
			isa = PBXSourcesBuildPhase;
			buildActionMask = 2147483647;
			files = (
				98834A6823676DEC00D9C84C /* HelloWorld2Tests.swift in Sources */,
			);
			runOnlyForDeploymentPostprocessing = 0;
		};
		98834A6A23676DEC00D9C84C /* Sources */ = {
			isa = PBXSourcesBuildPhase;
			buildActionMask = 2147483647;
			files = (
				98834A7323676DEC00D9C84C /* HelloWorld2UITests.swift in Sources */,
			);
			runOnlyForDeploymentPostprocessing = 0;
		};
/* End PBXSourcesBuildPhase section */

/* Begin PBXTargetDependency section */
		98834A6523676DEC00D9C84C /* PBXTargetDependency */ = {
			isa = PBXTargetDependency;
			target = 98834A4E23676DE700D9C84C /* HelloWorld2 */;
			targetProxy = 98834A6423676DEC00D9C84C /* PBXContainerItemProxy */;
		};
		98834A7023676DEC00D9C84C /* PBXTargetDependency */ = {
			isa = PBXTargetDependency;
			target = 98834A4E23676DE700D9C84C /* HelloWorld2 */;
			targetProxy = 98834A6F23676DEC00D9C84C /* PBXContainerItemProxy */;
		};
/* End PBXTargetDependency section */

/* Begin PBXVariantGroup section */
		98834A5623676DE700D9C84C /* Main.storyboard */ = {
			isa = PBXVariantGroup;
			children = (
				98834A5723676DE700D9C84C /* Base */,
			);
			name = Main.storyboard;
			sourceTree = "<group>";
		};
		98834A5B23676DEB00D9C84C /* LaunchScreen.storyboard */ = {
			isa = PBXVariantGroup;
			children = (
				98834A5C23676DEB00D9C84C /* Base */,
			);
			name = LaunchScreen.storyboard;
			sourceTree = "<group>";
		};
/* End PBXVariantGroup section */

/* Begin XCBuildConfiguration section */
		98834A7523676DEC00D9C84C /* Debug */ = {
			isa = XCBuildConfiguration;
			buildSettings = {
				ALWAYS_SEARCH_USER_PATHS = NO;
				CLANG_ANALYZER_NONNULL = YES;
				CLANG_ANALYZER_NUMBER_OBJECT_CONVERSION = YES_AGGRESSIVE;
				CLANG_CXX_LANGUAGE_STANDARD = "gnu++14";
				CLANG_CXX_LIBRARY = "libc++";
				CLANG_ENABLE_MODULES = YES;
				CLANG_ENABLE_OBJC_ARC = YES;
				CLANG_ENABLE_OBJC_WEAK = YES;
				CLANG_WARN_BLOCK_CAPTURE_AUTORELEASING = YES;
				CLANG_WARN_BOOL_CONVERSION = YES;
				CLANG_WARN_COMMA = YES;
				CLANG_WARN_CONSTANT_CONVERSION = YES;
				CLANG_WARN_DEPRECATED_OBJC_IMPLEMENTATIONS = YES;
				CLANG_WARN_DIRECT_OBJC_ISA_USAGE = YES_ERROR;
				CLANG_WARN_DOCUMENTATION_COMMENTS = YES;
				CLANG_WARN_EMPTY_BODY = YES;
				CLANG_WARN_ENUM_CONVERSION = YES;
				CLANG_WARN_INFINITE_RECURSION = YES;
				CLANG_WARN_INT_CONVERSION = YES;
				CLANG_WARN_NON_LITERAL_NULL_CONVERSION = YES;
				CLANG_WARN_OBJC_IMPLICIT_RETAIN_SELF = YES;
				CLANG_WARN_OBJC_LITERAL_CONVERSION = YES;
				CLANG_WARN_OBJC_ROOT_CLASS = YES_ERROR;
				CLANG_WARN_RANGE_LOOP_ANALYSIS = YES;
				CLANG_WARN_STRICT_PROTOTYPES = YES;
				CLANG_WARN_SUSPICIOUS_MOVE = YES;
				CLANG_WARN_UNGUARDED_AVAILABILITY = YES_AGGRESSIVE;
				CLANG_WARN_UNREACHABLE_CODE = YES;
				CLANG_WARN__DUPLICATE_METHOD_MATCH = YES;
				CODE_SIGN_IDENTITY = "iPhone Developer";
				COPY_PHASE_STRIP = NO;
				DEBUG_INFORMATION_FORMAT = dwarf;
				ENABLE_STRICT_OBJC_MSGSEND = YES;
				ENABLE_TESTABILITY = YES;
				GCC_C_LANGUAGE_STANDARD = gnu11;
				GCC_DYNAMIC_NO_PIC = NO;
				GCC_NO_COMMON_BLOCKS = YES;
				GCC_OPTIMIZATION_LEVEL = 0;
				GCC_PREPROCESSOR_DEFINITIONS = (
					"DEBUG=1",
					"$(inherited)",
				);
				GCC_WARN_64_TO_32_BIT_CONVERSION = YES;
				GCC_WARN_ABOUT_RETURN_TYPE = YES_ERROR;
				GCC_WARN_UNDECLARED_SELECTOR = YES;
				GCC_WARN_UNINITIALIZED_AUTOS = YES_AGGRESSIVE;
				GCC_WARN_UNUSED_FUNCTION = YES;
				GCC_WARN_UNUSED_VARIABLE = YES;
				IPHONEOS_DEPLOYMENT_TARGET = 12.2;
				MTL_ENABLE_DEBUG_INFO = INCLUDE_SOURCE;
				MTL_FAST_MATH = YES;
				ONLY_ACTIVE_ARCH = YES;
				SDKROOT = iphoneos;
				SWIFT_ACTIVE_COMPILATION_CONDITIONS = DEBUG;
				SWIFT_OPTIMIZATION_LEVEL = "-Onone";
			};
			name = Debug;
		};
		98834A7623676DEC00D9C84C /* Release */ = {
			isa = XCBuildConfiguration;
			buildSettings = {
				ALWAYS_SEARCH_USER_PATHS = NO;
				CLANG_ANALYZER_NONNULL = YES;
				CLANG_ANALYZER_NUMBER_OBJECT_CONVERSION = YES_AGGRESSIVE;
				CLANG_CXX_LANGUAGE_STANDARD = "gnu++14";
				CLANG_CXX_LIBRARY = "libc++";
				CLANG_ENABLE_MODULES = YES;
				CLANG_ENABLE_OBJC_ARC = YES;
				CLANG_ENABLE_OBJC_WEAK = YES;
				CLANG_WARN_BLOCK_CAPTURE_AUTORELEASING = YES;
				CLANG_WARN_BOOL_CONVERSION = YES;
				CLANG_WARN_COMMA = YES;
				CLANG_WARN_CONSTANT_CONVERSION = YES;
				CLANG_WARN_DEPRECATED_OBJC_IMPLEMENTATIONS = YES;
				CLANG_WARN_DIRECT_OBJC_ISA_USAGE = YES_ERROR;
				CLANG_WARN_DOCUMENTATION_COMMENTS = YES;
				CLANG_WARN_EMPTY_BODY = YES;
				CLANG_WARN_ENUM_CONVERSION = YES;
				CLANG_WARN_INFINITE_RECURSION = YES;
				CLANG_WARN_INT_CONVERSION = YES;
				CLANG_WARN_NON_LITERAL_NULL_CONVERSION = YES;
				CLANG_WARN_OBJC_IMPLICIT_RETAIN_SELF = YES;
				CLANG_WARN_OBJC_LITERAL_CONVERSION = YES;
				CLANG_WARN_OBJC_ROOT_CLASS = YES_ERROR;
				CLANG_WARN_RANGE_LOOP_ANALYSIS = YES;
				CLANG_WARN_STRICT_PROTOTYPES = YES;
				CLANG_WARN_SUSPICIOUS_MOVE = YES;
				CLANG_WARN_UNGUARDED_AVAILABILITY = YES_AGGRESSIVE;
				CLANG_WARN_UNREACHABLE_CODE = YES;
				CLANG_WARN__DUPLICATE_METHOD_MATCH = YES;
				CODE_SIGN_IDENTITY = "iPhone Developer";
				COPY_PHASE_STRIP = NO;
				DEBUG_INFORMATION_FORMAT = "dwarf-with-dsym";
				ENABLE_NS_ASSERTIONS = NO;
				ENABLE_STRICT_OBJC_MSGSEND = YES;
				GCC_C_LANGUAGE_STANDARD = gnu11;
				GCC_NO_COMMON_BLOCKS = YES;
				GCC_WARN_64_TO_32_BIT_CONVERSION = YES;
				GCC_WARN_ABOUT_RETURN_TYPE = YES_ERROR;
				GCC_WARN_UNDECLARED_SELECTOR = YES;
				GCC_WARN_UNINITIALIZED_AUTOS = YES_AGGRESSIVE;
				GCC_WARN_UNUSED_FUNCTION = YES;
				GCC_WARN_UNUSED_VARIABLE = YES;
				IPHONEOS_DEPLOYMENT_TARGET = 12.2;
				MTL_ENABLE_DEBUG_INFO = NO;
				MTL_FAST_MATH = YES;
				SDKROOT = iphoneos;
				SWIFT_COMPILATION_MODE = wholemodule;
				SWIFT_OPTIMIZATION_LEVEL = "-O";
				VALIDATE_PRODUCT = YES;
			};
			name = Release;
		};
		98834A7823676DEC00D9C84C /* Debug */ = {
			isa = XCBuildConfiguration;
			buildSettings = {
				ASSETCATALOG_COMPILER_APPICON_NAME = AppIcon;
				CODE_SIGN_STYLE = Automatic;
				INFOPLIST_FILE = HelloWorld2/Info.plist;
				LD_RUNPATH_SEARCH_PATHS = (
					"$(inherited)",
					"@executable_path/Frameworks",
				);
				PRODUCT_BUNDLE_IDENTIFIER = Kelvin.HelloWorld2;
				PRODUCT_NAME = "$(TARGET_NAME)";
				SWIFT_VERSION = 5.0;
				TARGETED_DEVICE_FAMILY = "1,2";
			};
			name = Debug;
		};
		98834A7923676DEC00D9C84C /* Release */ = {
			isa = XCBuildConfiguration;
			buildSettings = {
				ASSETCATALOG_COMPILER_APPICON_NAME = AppIcon;
				CODE_SIGN_STYLE = Automatic;
				INFOPLIST_FILE = HelloWorld2/Info.plist;
				LD_RUNPATH_SEARCH_PATHS = (
					"$(inherited)",
					"@executable_path/Frameworks",
				);
				PRODUCT_BUNDLE_IDENTIFIER = Kelvin.HelloWorld2;
				PRODUCT_NAME = "$(TARGET_NAME)";
				SWIFT_VERSION = 5.0;
				TARGETED_DEVICE_FAMILY = "1,2";
			};
			name = Release;
		};
		98834A7B23676DEC00D9C84C /* Debug */ = {
			isa = XCBuildConfiguration;
			buildSettings = {
				ALWAYS_EMBED_SWIFT_STANDARD_LIBRARIES = YES;
				BUNDLE_LOADER = "$(TEST_HOST)";
				CODE_SIGN_STYLE = Automatic;
				INFOPLIST_FILE = HelloWorld2Tests/Info.plist;
				LD_RUNPATH_SEARCH_PATHS = (
					"$(inherited)",
					"@executable_path/Frameworks",
					"@loader_path/Frameworks",
				);
				PRODUCT_BUNDLE_IDENTIFIER = Kelvin.HelloWorld2Tests;
				PRODUCT_NAME = "$(TARGET_NAME)";
				SWIFT_VERSION = 5.0;
				TARGETED_DEVICE_FAMILY = "1,2";
				TEST_HOST = "$(BUILT_PRODUCTS_DIR)/HelloWorld2.app/HelloWorld2";
			};
			name = Debug;
		};
		98834A7C23676DEC00D9C84C /* Release */ = {
			isa = XCBuildConfiguration;
			buildSettings = {
				ALWAYS_EMBED_SWIFT_STANDARD_LIBRARIES = YES;
				BUNDLE_LOADER = "$(TEST_HOST)";
				CODE_SIGN_STYLE = Automatic;
				INFOPLIST_FILE = HelloWorld2Tests/Info.plist;
				LD_RUNPATH_SEARCH_PATHS = (
					"$(inherited)",
					"@executable_path/Frameworks",
					"@loader_path/Frameworks",
				);
				PRODUCT_BUNDLE_IDENTIFIER = Kelvin.HelloWorld2Tests;
				PRODUCT_NAME = "$(TARGET_NAME)";
				SWIFT_VERSION = 5.0;
				TARGETED_DEVICE_FAMILY = "1,2";
				TEST_HOST = "$(BUILT_PRODUCTS_DIR)/HelloWorld2.app/HelloWorld2";
			};
			name = Release;
		};
		98834A7E23676DEC00D9C84C /* Debug */ = {
			isa = XCBuildConfiguration;
			buildSettings = {
				ALWAYS_EMBED_SWIFT_STANDARD_LIBRARIES = YES;
				CODE_SIGN_STYLE = Automatic;
				INFOPLIST_FILE = HelloWorld2UITests/Info.plist;
				LD_RUNPATH_SEARCH_PATHS = (
					"$(inherited)",
					"@executable_path/Frameworks",
					"@loader_path/Frameworks",
				);
				PRODUCT_BUNDLE_IDENTIFIER = Kelvin.HelloWorld2UITests;
				PRODUCT_NAME = "$(TARGET_NAME)";
				SWIFT_VERSION = 5.0;
				TARGETED_DEVICE_FAMILY = "1,2";
				TEST_TARGET_NAME = HelloWorld2;
			};
			name = Debug;
		};
		98834A7F23676DEC00D9C84C /* Release */ = {
			isa = XCBuildConfiguration;
			buildSettings = {
				ALWAYS_EMBED_SWIFT_STANDARD_LIBRARIES = YES;
				CODE_SIGN_STYLE = Automatic;
				INFOPLIST_FILE = HelloWorld2UITests/Info.plist;
				LD_RUNPATH_SEARCH_PATHS = (
					"$(inherited)",
					"@executable_path/Frameworks",
					"@loader_path/Frameworks",
				);
				PRODUCT_BUNDLE_IDENTIFIER = Kelvin.HelloWorld2UITests;
				PRODUCT_NAME = "$(TARGET_NAME)";
				SWIFT_VERSION = 5.0;
				TARGETED_DEVICE_FAMILY = "1,2";
				TEST_TARGET_NAME = HelloWorld2;
			};
			name = Release;
		};
/* End XCBuildConfiguration section */

/* Begin XCConfigurationList section */
		98834A4A23676DE700D9C84C /* Build configuration list for PBXProject "HelloWorld2" */ = {
			isa = XCConfigurationList;
			buildConfigurations = (
				98834A7523676DEC00D9C84C /* Debug */,
				98834A7623676DEC00D9C84C /* Release */,
			);
			defaultConfigurationIsVisible = 0;
			defaultConfigurationName = Release;
		};
		98834A7723676DEC00D9C84C /* Build configuration list for PBXNativeTarget "HelloWorld2" */ = {
			isa = XCConfigurationList;
			buildConfigurations = (
				98834A7823676DEC00D9C84C /* Debug */,
				98834A7923676DEC00D9C84C /* Release */,
			);
			defaultConfigurationIsVisible = 0;
			defaultConfigurationName = Release;
		};
		98834A7A23676DEC00D9C84C /* Build configuration list for PBXNativeTarget "HelloWorld2Tests" */ = {
			isa = XCConfigurationList;
			buildConfigurations = (
				98834A7B23676DEC00D9C84C /* Debug */,
				98834A7C23676DEC00D9C84C /* Release */,
			);
			defaultConfigurationIsVisible = 0;
			defaultConfigurationName = Release;
		};
		98834A7D23676DEC00D9C84C /* Build configuration list for PBXNativeTarget "HelloWorld2UITests" */ = {
			isa = XCConfigurationList;
			buildConfigurations = (
				98834A7E23676DEC00D9C84C /* Debug */,
				98834A7F23676DEC00D9C84C /* Release */,
			);
			defaultConfigurationIsVisible = 0;
			defaultConfigurationName = Release;
		};
/* End XCConfigurationList section */
	};
	rootObject = 98834A4723676DE700D9C84C /* Project object */;
}
